
Microsoft Visual Studio Solution File, Format Version 12.00
# Visual Studio Version 17
VisualStudioVersion = 17.9.34607.119
MinimumVisualStudioVersion = 10.0.40219.1
Project("{FAE04EC0-301F-11D3-BF4B-00C04F79EFBC}") = "ex18_winControlApp", "ex18_winControlApp\ex18_winControlApp.csproj", "{C98CF156-D509-4B87-8FDF-1C80445ABF9B}"
EndProject
Global
	GlobalSection(SolutionConfigurationPlatforms) = preSolution
		Debug|Any CPU = Debug|Any CPU
		Release|Any CPU = Release|Any CPU
	EndGlobalSection
	GlobalSection(ProjectConfigurationPlatforms) = postSolution
		{C98CF156-D509-4B87-8FDF-1C80445ABF9B}.Debug|Any CPU.ActiveCfg = Debug|Any CPU
		{C98CF156-D509-4B87-8FDF-1C80445ABF9B}.Debug|Any CPU.Build.0 = Debug|Any CPU
		{C98CF156-D509-4B87-8FDF-1C80445ABF9B}.Release|Any CPU.ActiveCfg = Release|Any CPU
		{C98CF156-D509-4B87-8FDF-1C80445ABF9B}.Release|Any CPU.Build.0 = Release|Any CPU
	EndGlobalSection
	GlobalSection(SolutionProperties) = preSolution
		HideSolutionNode = FALSE
	EndGlobalSection
	GlobalSection(ExtensibilityGlobals) = postSolution
		SolutionGuid = {8BDCA396-964F-4027-9B8C-22D1665DC138}
	EndGlobalSection
EndGlobal
